// !$*UTF8*$!
{
	archiveVersion = 1;
	classes = {
	};
	objectVersion = 55;
	objects = {

/* Begin PBXBuildFile section */
		790C4917287016D4001304C6 /* AppleMusicCloneApp.swift in Sources */ = {isa = PBXBuildFile; fileRef = 790C4916287016D4001304C6 /* AppleMusicCloneApp.swift */; };
		790C4919287016D4001304C6 /* ContentView.swift in Sources */ = {isa = PBXBuildFile; fileRef = 790C4918287016D4001304C6 /* ContentView.swift */; };
		790C491B287016D6001304C6 /* Assets.xcassets in Resources */ = {isa = PBXBuildFile; fileRef = 790C491A287016D6001304C6 /* Assets.xcassets */; };
		790C491E287016D6001304C6 /* Preview Assets.xcassets in Resources */ = {isa = PBXBuildFile; fileRef = 790C491D287016D6001304C6 /* Preview Assets.xcassets */; };
		790FC5B32874183600B26D20 /* Webservice.swift in Sources */ = {isa = PBXBuildFile; fileRef = 790FC5B22874183600B26D20 /* Webservice.swift */; };
		790FC5B82874184000B26D20 /* PlaylistResponse.swift in Sources */ = {isa = PBXBuildFile; fileRef = 790FC5B42874184000B26D20 /* PlaylistResponse.swift */; };
		790FC5B92874184000B26D20 /* SongResponse.swift in Sources */ = {isa = PBXBuildFile; fileRef = 790FC5B52874184000B26D20 /* SongResponse.swift */; };
		790FC5BA2874184000B26D20 /* ArtistResponse.swift in Sources */ = {isa = PBXBuildFile; fileRef = 790FC5B62874184000B26D20 /* ArtistResponse.swift */; };
		790FC5BB2874184000B26D20 /* HintResponse.swift in Sources */ = {isa = PBXBuildFile; fileRef = 790FC5B72874184000B26D20 /* HintResponse.swift */; };
		790FC5BD2874184E00B26D20 /* SearchView.swift in Sources */ = {isa = PBXBuildFile; fileRef = 790FC5BC2874184E00B26D20 /* SearchView.swift */; };
		790FC5C02874745F00B26D20 /* SearchViewModel.swift in Sources */ = {isa = PBXBuildFile; fileRef = 790FC5BF2874745F00B26D20 /* SearchViewModel.swift */; };
		7933983428732C58007584EC /* Manager.swift in Sources */ = {isa = PBXBuildFile; fileRef = 7933983328732C58007584EC /* Manager.swift */; };
		7933983628732CEA007584EC /* View+Extension.swift in Sources */ = {isa = PBXBuildFile; fileRef = 7933983528732CEA007584EC /* View+Extension.swift */; };
		7933983828732D92007584EC /* Constants.swift in Sources */ = {isa = PBXBuildFile; fileRef = 7933983728732D92007584EC /* Constants.swift */; };
		7949F5E52876F96800AAEFD4 /* SongRow.swift in Sources */ = {isa = PBXBuildFile; fileRef = 7949F5E42876F96800AAEFD4 /* SongRow.swift */; };
		7949F5E72876F97100AAEFD4 /* ArtistRow.swift in Sources */ = {isa = PBXBuildFile; fileRef = 7949F5E62876F97100AAEFD4 /* ArtistRow.swift */; };
		7949F5E92876F98B00AAEFD4 /* PlaylistRow.swift in Sources */ = {isa = PBXBuildFile; fileRef = 7949F5E82876F98B00AAEFD4 /* PlaylistRow.swift */; };
		7949F5EB2876FAD000AAEFD4 /* HintRow.swift in Sources */ = {isa = PBXBuildFile; fileRef = 7949F5EA2876FAD000AAEFD4 /* HintRow.swift */; };
		7949F5ED2877214300AAEFD4 /* Secret.swift in Sources */ = {isa = PBXBuildFile; fileRef = 7949F5EC2877214300AAEFD4 /* Secret.swift */; };
		790FC5C82875AD0700B26D20 /* MainView.swift in Sources */ = {isa = PBXBuildFile; fileRef = 790FC5C72875AD0700B26D20 /* MainView.swift */; };
		A968EFFA28799CD7004BEFE6 /* SearchBarViewController.swift in Sources */ = {isa = PBXBuildFile; fileRef = A968EFF928799CD7004BEFE6 /* SearchBarViewController.swift */; };
/* End PBXBuildFile section */

/* Begin PBXFileReference section */
		790C4913287016D4001304C6 /* AppleMusicClone.app */ = {isa = PBXFileReference; explicitFileType = wrapper.application; includeInIndex = 0; path = AppleMusicClone.app; sourceTree = BUILT_PRODUCTS_DIR; };
		790C4916287016D4001304C6 /* AppleMusicCloneApp.swift */ = {isa = PBXFileReference; lastKnownFileType = sourcecode.swift; path = AppleMusicCloneApp.swift; sourceTree = "<group>"; };
		790C4918287016D4001304C6 /* ContentView.swift */ = {isa = PBXFileReference; lastKnownFileType = sourcecode.swift; path = ContentView.swift; sourceTree = "<group>"; };
		790C491A287016D6001304C6 /* Assets.xcassets */ = {isa = PBXFileReference; lastKnownFileType = folder.assetcatalog; path = Assets.xcassets; sourceTree = "<group>"; };
		790C491D287016D6001304C6 /* Preview Assets.xcassets */ = {isa = PBXFileReference; lastKnownFileType = folder.assetcatalog; path = "Preview Assets.xcassets"; sourceTree = "<group>"; };
		790FC5B22874183600B26D20 /* Webservice.swift */ = {isa = PBXFileReference; fileEncoding = 4; lastKnownFileType = sourcecode.swift; path = Webservice.swift; sourceTree = "<group>"; };
		790FC5B42874184000B26D20 /* PlaylistResponse.swift */ = {isa = PBXFileReference; fileEncoding = 4; lastKnownFileType = sourcecode.swift; path = PlaylistResponse.swift; sourceTree = "<group>"; };
		790FC5B52874184000B26D20 /* SongResponse.swift */ = {isa = PBXFileReference; fileEncoding = 4; lastKnownFileType = sourcecode.swift; path = SongResponse.swift; sourceTree = "<group>"; };
		790FC5B62874184000B26D20 /* ArtistResponse.swift */ = {isa = PBXFileReference; fileEncoding = 4; lastKnownFileType = sourcecode.swift; path = ArtistResponse.swift; sourceTree = "<group>"; };
		790FC5B72874184000B26D20 /* HintResponse.swift */ = {isa = PBXFileReference; fileEncoding = 4; lastKnownFileType = sourcecode.swift; path = HintResponse.swift; sourceTree = "<group>"; };
		790FC5BC2874184E00B26D20 /* SearchView.swift */ = {isa = PBXFileReference; fileEncoding = 4; lastKnownFileType = sourcecode.swift; path = SearchView.swift; sourceTree = "<group>"; };
		790FC5BF2874745F00B26D20 /* SearchViewModel.swift */ = {isa = PBXFileReference; lastKnownFileType = sourcecode.swift; path = SearchViewModel.swift; sourceTree = "<group>"; };
		7933983328732C58007584EC /* Manager.swift */ = {isa = PBXFileReference; lastKnownFileType = sourcecode.swift; path = Manager.swift; sourceTree = "<group>"; };
		7933983528732CEA007584EC /* View+Extension.swift */ = {isa = PBXFileReference; lastKnownFileType = sourcecode.swift; path = "View+Extension.swift"; sourceTree = "<group>"; };
		7933983728732D92007584EC /* Constants.swift */ = {isa = PBXFileReference; lastKnownFileType = sourcecode.swift; path = Constants.swift; sourceTree = "<group>"; };
		7949F5E42876F96800AAEFD4 /* SongRow.swift */ = {isa = PBXFileReference; lastKnownFileType = sourcecode.swift; path = SongRow.swift; sourceTree = "<group>"; };
		7949F5E62876F97100AAEFD4 /* ArtistRow.swift */ = {isa = PBXFileReference; lastKnownFileType = sourcecode.swift; path = ArtistRow.swift; sourceTree = "<group>"; };
		7949F5E82876F98B00AAEFD4 /* PlaylistRow.swift */ = {isa = PBXFileReference; lastKnownFileType = sourcecode.swift; path = PlaylistRow.swift; sourceTree = "<group>"; };
		7949F5EA2876FAD000AAEFD4 /* HintRow.swift */ = {isa = PBXFileReference; lastKnownFileType = sourcecode.swift; path = HintRow.swift; sourceTree = "<group>"; };
		7949F5EC2877214300AAEFD4 /* Secret.swift */ = {isa = PBXFileReference; lastKnownFileType = sourcecode.swift; path = Secret.swift; sourceTree = "<group>"; };
		790FC5C72875AD0700B26D20 /* MainView.swift */ = {isa = PBXFileReference; fileEncoding = 4; lastKnownFileType = sourcecode.swift; name = MainView.swift; path = "../../../AppleMusicClone 3/AppleMusicClone/Views/MainView.swift"; sourceTree = "<group>"; };
		A968EFF928799CD7004BEFE6 /* SearchBarViewController.swift */ = {isa = PBXFileReference; lastKnownFileType = sourcecode.swift; path = SearchBarViewController.swift; sourceTree = "<group>"; };
/* End PBXFileReference section */

/* Begin PBXFrameworksBuildPhase section */
		790C4910287016D4001304C6 /* Frameworks */ = {
			isa = PBXFrameworksBuildPhase;
			buildActionMask = 2147483647;
			files = (
			);
			runOnlyForDeploymentPostprocessing = 0;
		};
/* End PBXFrameworksBuildPhase section */

/* Begin PBXGroup section */
		790C490A287016D4001304C6 = {
			isa = PBXGroup;
			children = (
				790C4915287016D4001304C6 /* AppleMusicClone */,
				790C4914287016D4001304C6 /* Products */,
			);
			sourceTree = "<group>";
		};
		790C4914287016D4001304C6 /* Products */ = {
			isa = PBXGroup;
			children = (
				790C4913287016D4001304C6 /* AppleMusicClone.app */,
			);
			name = Products;
			sourceTree = "<group>";
		};
		790C4915287016D4001304C6 /* AppleMusicClone */ = {
			isa = PBXGroup;
			children = (
				7933983228732C48007584EC /* Helper */,
				79339831287326D0007584EC /* Extensions */,
				79339830287326CA007584EC /* Utils */,
				7933982F287326BF007584EC /* Services */,
				7933982E287326B8007584EC /* Models */,
				7933982D287326B0007584EC /* ViewModels */,
				7933982C287326AB007584EC /* Views */,
				790C4916287016D4001304C6 /* AppleMusicCloneApp.swift */,
				790C4918287016D4001304C6 /* ContentView.swift */,
				790C491A287016D6001304C6 /* Assets.xcassets */,
				790C491C287016D6001304C6 /* Preview Content */,
			);
			path = AppleMusicClone;
			sourceTree = "<group>";
		};
		790C491C287016D6001304C6 /* Preview Content */ = {
			isa = PBXGroup;
			children = (
				790C491D287016D6001304C6 /* Preview Assets.xcassets */,
			);
			path = "Preview Content";
			sourceTree = "<group>";
		};
		790FC5BE2874185000B26D20 /* SearchViews */ = {
			isa = PBXGroup;
			children = (
				790FC5BC2874184E00B26D20 /* SearchView.swift */,
				A968EFF928799CD7004BEFE6 /* SearchBarViewController.swift */,
				7949F5E42876F96800AAEFD4 /* SongRow.swift */,
				7949F5E62876F97100AAEFD4 /* ArtistRow.swift */,
				7949F5E82876F98B00AAEFD4 /* PlaylistRow.swift */,
				7949F5EA2876FAD000AAEFD4 /* HintRow.swift */,
			);
			path = SearchViews;
			sourceTree = "<group>";
		};
		7933982C287326AB007584EC /* Views */ = {
			isa = PBXGroup;
			children = (
				790FC5C72875AD0700B26D20 /* MainView.swift */,
				790FC5BE2874185000B26D20 /* SearchViews */,
			);
			path = Views;
			sourceTree = "<group>";
		};
		7933982D287326B0007584EC /* ViewModels */ = {
			isa = PBXGroup;
			children = (
				790FC5BF2874745F00B26D20 /* SearchViewModel.swift */,
			);
			path = ViewModels;
			sourceTree = "<group>";
		};
		7933982E287326B8007584EC /* Models */ = {
			isa = PBXGroup;
			children = (
				790FC5B62874184000B26D20 /* ArtistResponse.swift */,
				790FC5B72874184000B26D20 /* HintResponse.swift */,
				790FC5B42874184000B26D20 /* PlaylistResponse.swift */,
				790FC5B52874184000B26D20 /* SongResponse.swift */,
			);
			path = Models;
			sourceTree = "<group>";
		};
		7933982F287326BF007584EC /* Services */ = {
			isa = PBXGroup;
			children = (
				790FC5B22874183600B26D20 /* Webservice.swift */,
			);
			path = Services;
			sourceTree = "<group>";
		};
		79339830287326CA007584EC /* Utils */ = {
			isa = PBXGroup;
			children = (
				7933983728732D92007584EC /* Constants.swift */,
				7949F5EC2877214300AAEFD4 /* Secret.swift */,
			);
			path = Utils;
			sourceTree = "<group>";
		};
		79339831287326D0007584EC /* Extensions */ = {
			isa = PBXGroup;
			children = (
				7933983528732CEA007584EC /* View+Extension.swift */,
			);
			path = Extensions;
			sourceTree = "<group>";
		};
		7933983228732C48007584EC /* Helper */ = {
			isa = PBXGroup;
			children = (
				7933983328732C58007584EC /* Manager.swift */,
			);
			path = Helper;
			sourceTree = "<group>";
		};
/* End PBXGroup section */

/* Begin PBXNativeTarget section */
		790C4912287016D4001304C6 /* AppleMusicClone */ = {
			isa = PBXNativeTarget;
			buildConfigurationList = 790C4921287016D6001304C6 /* Build configuration list for PBXNativeTarget "AppleMusicClone" */;
			buildPhases = (
				790C490F287016D4001304C6 /* Sources */,
				790C4910287016D4001304C6 /* Frameworks */,
				790C4911287016D4001304C6 /* Resources */,
			);
			buildRules = (
			);
			dependencies = (
			);
			name = AppleMusicClone;
			productName = AppleMusicClone;
			productReference = 790C4913287016D4001304C6 /* AppleMusicClone.app */;
			productType = "com.apple.product-type.application";
		};
/* End PBXNativeTarget section */

/* Begin PBXProject section */
		790C490B287016D4001304C6 /* Project object */ = {
			isa = PBXProject;
			attributes = {
				BuildIndependentTargetsInParallel = 1;
				LastSwiftUpdateCheck = 1330;
				LastUpgradeCheck = 1330;
				TargetAttributes = {
					790C4912287016D4001304C6 = {
						CreatedOnToolsVersion = 13.3.1;
					};
				};
			};
			buildConfigurationList = 790C490E287016D4001304C6 /* Build configuration list for PBXProject "AppleMusicClone" */;
			compatibilityVersion = "Xcode 13.0";
			developmentRegion = en;
			hasScannedForEncodings = 0;
			knownRegions = (
				en,
				Base,
			);
			mainGroup = 790C490A287016D4001304C6;
			productRefGroup = 790C4914287016D4001304C6 /* Products */;
			projectDirPath = "";
			projectRoot = "";
			targets = (
				790C4912287016D4001304C6 /* AppleMusicClone */,
			);
		};
/* End PBXProject section */

/* Begin PBXResourcesBuildPhase section */
		790C4911287016D4001304C6 /* Resources */ = {
			isa = PBXResourcesBuildPhase;
			buildActionMask = 2147483647;
			files = (
				790C491E287016D6001304C6 /* Preview Assets.xcassets in Resources */,
				790C491B287016D6001304C6 /* Assets.xcassets in Resources */,
			);
			runOnlyForDeploymentPostprocessing = 0;
		};
/* End PBXResourcesBuildPhase section */

/* Begin PBXSourcesBuildPhase section */
		790C490F287016D4001304C6 /* Sources */ = {
			isa = PBXSourcesBuildPhase;
			buildActionMask = 2147483647;
			files = (
				790FC5BB2874184000B26D20 /* HintResponse.swift in Sources */,
				A968EFF828799B6C004BEFE6 /* MainView.swift in Sources */,
				7949F5E52876F96800AAEFD4 /* SongRow.swift in Sources */,
				7933983828732D92007584EC /* Constants.swift in Sources */,
				A968EFFA28799CD7004BEFE6 /* SearchBarViewController.swift in Sources */,
				790C4919287016D4001304C6 /* ContentView.swift in Sources */,
				790FC5B32874183600B26D20 /* Webservice.swift in Sources */,
				7949F5E92876F98B00AAEFD4 /* PlaylistRow.swift in Sources */,
				7949F5ED2877214300AAEFD4 /* Secret.swift in Sources */,
				790FC5BA2874184000B26D20 /* ArtistResponse.swift in Sources */,
				790FC5B82874184000B26D20 /* PlaylistResponse.swift in Sources */,
				7949F5EB2876FAD000AAEFD4 /* HintRow.swift in Sources */,
				790FC5C02874745F00B26D20 /* SearchViewModel.swift in Sources */,
				790FC5B92874184000B26D20 /* SongResponse.swift in Sources */,
				7933983428732C58007584EC /* Manager.swift in Sources */,
				7933983628732CEA007584EC /* View+Extension.swift in Sources */,
				7949F5E72876F97100AAEFD4 /* ArtistRow.swift in Sources */,
				790C4917287016D4001304C6 /* AppleMusicCloneApp.swift in Sources */,
				790FC5BD2874184E00B26D20 /* SearchView.swift in Sources */,
			);
			runOnlyForDeploymentPostprocessing = 0;
		};
/* End PBXSourcesBuildPhase section */

/* Begin XCBuildConfiguration section */
		790C491F287016D6001304C6 /* Debug */ = {
			isa = XCBuildConfiguration;
			buildSettings = {
				ALWAYS_SEARCH_USER_PATHS = NO;
				CLANG_ANALYZER_NONNULL = YES;
				CLANG_ANALYZER_NUMBER_OBJECT_CONVERSION = YES_AGGRESSIVE;
				CLANG_CXX_LANGUAGE_STANDARD = "gnu++17";
				CLANG_ENABLE_MODULES = YES;
				CLANG_ENABLE_OBJC_ARC = YES;
				CLANG_ENABLE_OBJC_WEAK = YES;
				CLANG_WARN_BLOCK_CAPTURE_AUTORELEASING = YES;
				CLANG_WARN_BOOL_CONVERSION = YES;
				CLANG_WARN_COMMA = YES;
				CLANG_WARN_CONSTANT_CONVERSION = YES;
				CLANG_WARN_DEPRECATED_OBJC_IMPLEMENTATIONS = YES;
				CLANG_WARN_DIRECT_OBJC_ISA_USAGE = YES_ERROR;
				CLANG_WARN_DOCUMENTATION_COMMENTS = YES;
				CLANG_WARN_EMPTY_BODY = YES;
				CLANG_WARN_ENUM_CONVERSION = YES;
				CLANG_WARN_INFINITE_RECURSION = YES;
				CLANG_WARN_INT_CONVERSION = YES;
				CLANG_WARN_NON_LITERAL_NULL_CONVERSION = YES;
				CLANG_WARN_OBJC_IMPLICIT_RETAIN_SELF = YES;
				CLANG_WARN_OBJC_LITERAL_CONVERSION = YES;
				CLANG_WARN_OBJC_ROOT_CLASS = YES_ERROR;
				CLANG_WARN_QUOTED_INCLUDE_IN_FRAMEWORK_HEADER = YES;
				CLANG_WARN_RANGE_LOOP_ANALYSIS = YES;
				CLANG_WARN_STRICT_PROTOTYPES = YES;
				CLANG_WARN_SUSPICIOUS_MOVE = YES;
				CLANG_WARN_UNGUARDED_AVAILABILITY = YES_AGGRESSIVE;
				CLANG_WARN_UNREACHABLE_CODE = YES;
				CLANG_WARN__DUPLICATE_METHOD_MATCH = YES;
				COPY_PHASE_STRIP = NO;
				DEBUG_INFORMATION_FORMAT = dwarf;
				ENABLE_STRICT_OBJC_MSGSEND = YES;
				ENABLE_TESTABILITY = YES;
				GCC_C_LANGUAGE_STANDARD = gnu11;
				GCC_DYNAMIC_NO_PIC = NO;
				GCC_NO_COMMON_BLOCKS = YES;
				GCC_OPTIMIZATION_LEVEL = 0;
				GCC_PREPROCESSOR_DEFINITIONS = (
					"DEBUG=1",
					"$(inherited)",
				);
				GCC_WARN_64_TO_32_BIT_CONVERSION = YES;
				GCC_WARN_ABOUT_RETURN_TYPE = YES_ERROR;
				GCC_WARN_UNDECLARED_SELECTOR = YES;
				GCC_WARN_UNINITIALIZED_AUTOS = YES_AGGRESSIVE;
				GCC_WARN_UNUSED_FUNCTION = YES;
				GCC_WARN_UNUSED_VARIABLE = YES;
				IPHONEOS_DEPLOYMENT_TARGET = 15.4;
				MTL_ENABLE_DEBUG_INFO = INCLUDE_SOURCE;
				MTL_FAST_MATH = YES;
				ONLY_ACTIVE_ARCH = YES;
				SDKROOT = iphoneos;
				SWIFT_ACTIVE_COMPILATION_CONDITIONS = DEBUG;
				SWIFT_OPTIMIZATION_LEVEL = "-Onone";
			};
			name = Debug;
		};
		790C4920287016D6001304C6 /* Release */ = {
			isa = XCBuildConfiguration;
			buildSettings = {
				ALWAYS_SEARCH_USER_PATHS = NO;
				CLANG_ANALYZER_NONNULL = YES;
				CLANG_ANALYZER_NUMBER_OBJECT_CONVERSION = YES_AGGRESSIVE;
				CLANG_CXX_LANGUAGE_STANDARD = "gnu++17";
				CLANG_ENABLE_MODULES = YES;
				CLANG_ENABLE_OBJC_ARC = YES;
				CLANG_ENABLE_OBJC_WEAK = YES;
				CLANG_WARN_BLOCK_CAPTURE_AUTORELEASING = YES;
				CLANG_WARN_BOOL_CONVERSION = YES;
				CLANG_WARN_COMMA = YES;
				CLANG_WARN_CONSTANT_CONVERSION = YES;
				CLANG_WARN_DEPRECATED_OBJC_IMPLEMENTATIONS = YES;
				CLANG_WARN_DIRECT_OBJC_ISA_USAGE = YES_ERROR;
				CLANG_WARN_DOCUMENTATION_COMMENTS = YES;
				CLANG_WARN_EMPTY_BODY = YES;
				CLANG_WARN_ENUM_CONVERSION = YES;
				CLANG_WARN_INFINITE_RECURSION = YES;
				CLANG_WARN_INT_CONVERSION = YES;
				CLANG_WARN_NON_LITERAL_NULL_CONVERSION = YES;
				CLANG_WARN_OBJC_IMPLICIT_RETAIN_SELF = YES;
				CLANG_WARN_OBJC_LITERAL_CONVERSION = YES;
				CLANG_WARN_OBJC_ROOT_CLASS = YES_ERROR;
				CLANG_WARN_QUOTED_INCLUDE_IN_FRAMEWORK_HEADER = YES;
				CLANG_WARN_RANGE_LOOP_ANALYSIS = YES;
				CLANG_WARN_STRICT_PROTOTYPES = YES;
				CLANG_WARN_SUSPICIOUS_MOVE = YES;
				CLANG_WARN_UNGUARDED_AVAILABILITY = YES_AGGRESSIVE;
				CLANG_WARN_UNREACHABLE_CODE = YES;
				CLANG_WARN__DUPLICATE_METHOD_MATCH = YES;
				COPY_PHASE_STRIP = NO;
				DEBUG_INFORMATION_FORMAT = "dwarf-with-dsym";
				ENABLE_NS_ASSERTIONS = NO;
				ENABLE_STRICT_OBJC_MSGSEND = YES;
				GCC_C_LANGUAGE_STANDARD = gnu11;
				GCC_NO_COMMON_BLOCKS = YES;
				GCC_WARN_64_TO_32_BIT_CONVERSION = YES;
				GCC_WARN_ABOUT_RETURN_TYPE = YES_ERROR;
				GCC_WARN_UNDECLARED_SELECTOR = YES;
				GCC_WARN_UNINITIALIZED_AUTOS = YES_AGGRESSIVE;
				GCC_WARN_UNUSED_FUNCTION = YES;
				GCC_WARN_UNUSED_VARIABLE = YES;
				IPHONEOS_DEPLOYMENT_TARGET = 15.4;
				MTL_ENABLE_DEBUG_INFO = NO;
				MTL_FAST_MATH = YES;
				SDKROOT = iphoneos;
				SWIFT_COMPILATION_MODE = wholemodule;
				SWIFT_OPTIMIZATION_LEVEL = "-O";
				VALIDATE_PRODUCT = YES;
			};
			name = Release;
		};
		790C4922287016D6001304C6 /* Debug */ = {
			isa = XCBuildConfiguration;
			buildSettings = {
				ASSETCATALOG_COMPILER_APPICON_NAME = AppIcon;
				ASSETCATALOG_COMPILER_GLOBAL_ACCENT_COLOR_NAME = AccentColor;
				CODE_SIGN_STYLE = Automatic;
				CURRENT_PROJECT_VERSION = 1;
				DEVELOPMENT_ASSET_PATHS = "\"AppleMusicClone/Preview Content\"";
				DEVELOPMENT_TEAM = H5PD3P95F5;
				ENABLE_PREVIEWS = YES;
				GENERATE_INFOPLIST_FILE = YES;
				INFOPLIST_KEY_UIApplicationSceneManifest_Generation = YES;
				INFOPLIST_KEY_UIApplicationSupportsIndirectInputEvents = YES;
				INFOPLIST_KEY_UILaunchScreen_Generation = YES;
				INFOPLIST_KEY_UISupportedInterfaceOrientations_iPad = "UIInterfaceOrientationPortrait UIInterfaceOrientationPortraitUpsideDown UIInterfaceOrientationLandscapeLeft UIInterfaceOrientationLandscapeRight";
				INFOPLIST_KEY_UISupportedInterfaceOrientations_iPhone = "UIInterfaceOrientationPortrait UIInterfaceOrientationLandscapeLeft UIInterfaceOrientationLandscapeRight";
				LD_RUNPATH_SEARCH_PATHS = (
					"$(inherited)",
					"@executable_path/Frameworks",
				);
				MARKETING_VERSION = 1.0;
				PRODUCT_BUNDLE_IDENTIFIER = kyuWorld.AppleMusicClone;
				PRODUCT_NAME = "$(TARGET_NAME)";
				SWIFT_EMIT_LOC_STRINGS = YES;
				SWIFT_VERSION = 5.0;
				TARGETED_DEVICE_FAMILY = "1,2";
			};
			name = Debug;
		};
		790C4923287016D6001304C6 /* Release */ = {
			isa = XCBuildConfiguration;
			buildSettings = {
				ASSETCATALOG_COMPILER_APPICON_NAME = AppIcon;
				ASSETCATALOG_COMPILER_GLOBAL_ACCENT_COLOR_NAME = AccentColor;
				CODE_SIGN_STYLE = Automatic;
				CURRENT_PROJECT_VERSION = 1;
				DEVELOPMENT_ASSET_PATHS = "\"AppleMusicClone/Preview Content\"";
				DEVELOPMENT_TEAM = H5PD3P95F5;
				ENABLE_PREVIEWS = YES;
				GENERATE_INFOPLIST_FILE = YES;
				INFOPLIST_KEY_UIApplicationSceneManifest_Generation = YES;
				INFOPLIST_KEY_UIApplicationSupportsIndirectInputEvents = YES;
				INFOPLIST_KEY_UILaunchScreen_Generation = YES;
				INFOPLIST_KEY_UISupportedInterfaceOrientations_iPad = "UIInterfaceOrientationPortrait UIInterfaceOrientationPortraitUpsideDown UIInterfaceOrientationLandscapeLeft UIInterfaceOrientationLandscapeRight";
				INFOPLIST_KEY_UISupportedInterfaceOrientations_iPhone = "UIInterfaceOrientationPortrait UIInterfaceOrientationLandscapeLeft UIInterfaceOrientationLandscapeRight";
				LD_RUNPATH_SEARCH_PATHS = (
					"$(inherited)",
					"@executable_path/Frameworks",
				);
				MARKETING_VERSION = 1.0;
				PRODUCT_BUNDLE_IDENTIFIER = kyuWorld.AppleMusicClone;
				PRODUCT_NAME = "$(TARGET_NAME)";
				SWIFT_EMIT_LOC_STRINGS = YES;
				SWIFT_VERSION = 5.0;
				TARGETED_DEVICE_FAMILY = "1,2";
			};
			name = Release;
		};
/* End XCBuildConfiguration section */

/* Begin XCConfigurationList section */
		790C490E287016D4001304C6 /* Build configuration list for PBXProject "AppleMusicClone" */ = {
			isa = XCConfigurationList;
			buildConfigurations = (
				790C491F287016D6001304C6 /* Debug */,
				790C4920287016D6001304C6 /* Release */,
			);
			defaultConfigurationIsVisible = 0;
			defaultConfigurationName = Release;
		};
		790C4921287016D6001304C6 /* Build configuration list for PBXNativeTarget "AppleMusicClone" */ = {
			isa = XCConfigurationList;
			buildConfigurations = (
				790C4922287016D6001304C6 /* Debug */,
				790C4923287016D6001304C6 /* Release */,
			);
			defaultConfigurationIsVisible = 0;
			defaultConfigurationName = Release;
		};
/* End XCConfigurationList section */
	};
	rootObject = 790C490B287016D4001304C6 /* Project object */;
}
